
Microsoft Visual Studio Solution File, Format Version 12.00
# Visual Studio Version 17
VisualStudioVersion = 17.13.35919.96 d17.13
MinimumVisualStudioVersion = 10.0.40219.1
Project("{2150E333-8FDC-42A3-9474-1A3956D46DE8}") = "src", "src", "{02EA681E-C7D8-13C7-8484-4AC65E1B71E8}"
EndProject
Project("{2150E333-8FDC-42A3-9474-1A3956D46DE8}") = "Domain", "Domain", "{C26CEE38-D744-4D00-AF65-FD6E9BA9AF00}"
EndProject
Project("{FAE04EC0-301F-11D3-BF4B-00C04F79EFBC}") = "Domain", "Domain\Domain.csproj", "{23BC7809-2E3A-4C7A-A50B-CC4320BC473E}"
EndProject
Project("{2150E333-8FDC-42A3-9474-1A3956D46DE8}") = "Application", "Application", "{D39C3CBB-4083-427B-995F-D4C0E1DF4739}"
EndProject
Project("{FAE04EC0-301F-11D3-BF4B-00C04F79EFBC}") = "Application", "Application\Application.csproj", "{93CB076B-9809-458D-9892-DEA70AC73FBF}"
EndProject
Project("{2150E333-8FDC-42A3-9474-1A3956D46DE8}") = "Infrastructure.Persistence", "Infrastructure.Persistence", "{8F3163DD-2664-46BA-BBC4-E7D9B496B194}"
EndProject
Project("{FAE04EC0-301F-11D3-BF4B-00C04F79EFBC}") = "Infrastructure.Persistence", "Infrastructure.Persistence\Infrastructure.Persistence.csproj", "{78A12BB5-CA85-4238-A6E6-F22C7FBDDCCF}"
EndProject
Project("{2150E333-8FDC-42A3-9474-1A3956D46DE8}") = "Infrastructure.DependencyInjection", "Infrastructure.DependencyInjection", "{59C455B9-8E23-41B9-85E8-F51F15DD40F3}"
EndProject
Project("{FAE04EC0-301F-11D3-BF4B-00C04F79EFBC}") = "Infrastructure.DependencyInjection", "Infrastructure.DependencyInjection\Infrastructure.DependencyInjection.csproj", "{A76BE58B-6B58-4D59-B2DE-A8B383ACE5FE}"
EndProject
Project("{2150E333-8FDC-42A3-9474-1A3956D46DE8}") = "Kafka.Infrastructure", "Kafka.Infrastructure", "{3A0EA636-48B1-42A7-A4BB-A2433C38DDEE}"
EndProject
Project("{FAE04EC0-301F-11D3-BF4B-00C04F79EFBC}") = "Kafka.Infrastructure", "Kafka.Infrastructure\Kafka.Infrastructure.csproj", "{23A7CEE3-5A27-4F67-AC17-97EAA2711BD4}"
EndProject
Project("{2150E333-8FDC-42A3-9474-1A3956D46DE8}") = "Kafka.Worker", "Kafka.Worker", "{1D529A35-0C43-4826-8F45-B88889B8BD8D}"
EndProject
Project("{FAE04EC0-301F-11D3-BF4B-00C04F79EFBC}") = "Kafka.Worker", "Kafka.Worker\Kafka.Worker.csproj", "{20CCFF56-FC54-45A8-A0C4-45220DC3422D}"
EndProject
Project("{2150E333-8FDC-42A3-9474-1A3956D46DE8}") = "SimulatedSamsaraAPI", "SimulatedSamsaraAPI", "{A1C8F4A0-8754-48E7-B5EA-9C475610F75E}"
EndProject
Project("{FAE04EC0-301F-11D3-BF4B-00C04F79EFBC}") = "SimulatedSamsaraAPI", "SimulatedSamsaraAPI\SimulatedSamsaraAPI.csproj", "{478A27BE-AC33-44F5-87F3-53488FD6EB8E}"
EndProject
Project("{2150E333-8FDC-42A3-9474-1A3956D46DE8}") = "test", "test", "{42F19948-5E8C-4B3C-BF4D-E5270AEB30A7}"
EndProject
Global
	GlobalSection(SolutionConfigurationPlatforms) = preSolution
		Debug|Any CPU = Debug|Any CPU
		Release|Any CPU = Release|Any CPU
	EndGlobalSection
	GlobalSection(ProjectConfigurationPlatforms) = postSolution
		{23BC7809-2E3A-4C7A-A50B-CC4320BC473E}.Debug|Any CPU.ActiveCfg = Debug|Any CPU
		{23BC7809-2E3A-4C7A-A50B-CC4320BC473E}.Debug|Any CPU.Build.0 = Debug|Any CPU
		{23BC7809-2E3A-4C7A-A50B-CC4320BC473E}.Release|Any CPU.ActiveCfg = Release|Any CPU
		{23BC7809-2E3A-4C7A-A50B-CC4320BC473E}.Release|Any CPU.Build.0 = Release|Any CPU
		{93CB076B-9809-458D-9892-DEA70AC73FBF}.Debug|Any CPU.ActiveCfg = Debug|Any CPU
		{93CB076B-9809-458D-9892-DEA70AC73FBF}.Debug|Any CPU.Build.0 = Debug|Any CPU
		{93CB076B-9809-458D-9892-DEA70AC73FBF}.Release|Any CPU.ActiveCfg = Release|Any CPU
		{93CB076B-9809-458D-9892-DEA70AC73FBF}.Release|Any CPU.Build.0 = Release|Any CPU
		{78A12BB5-CA85-4238-A6E6-F22C7FBDDCCF}.Debug|Any CPU.ActiveCfg = Debug|Any CPU
		{78A12BB5-CA85-4238-A6E6-F22C7FBDDCCF}.Debug|Any CPU.Build.0 = Debug|Any CPU
		{78A12BB5-CA85-4238-A6E6-F22C7FBDDCCF}.Release|Any CPU.ActiveCfg = Release|Any CPU
		{78A12BB5-CA85-4238-A6E6-F22C7FBDDCCF}.Release|Any CPU.Build.0 = Release|Any CPU
		{A76BE58B-6B58-4D59-B2DE-A8B383ACE5FE}.Debug|Any CPU.ActiveCfg = Debug|Any CPU
		{A76BE58B-6B58-4D59-B2DE-A8B383ACE5FE}.Debug|Any CPU.Build.0 = Debug|Any CPU
		{A76BE58B-6B58-4D59-B2DE-A8B383ACE5FE}.Release|Any CPU.ActiveCfg = Release|Any CPU
		{A76BE58B-6B58-4D59-B2DE-A8B383ACE5FE}.Release|Any CPU.Build.0 = Release|Any CPU
		{23A7CEE3-5A27-4F67-AC17-97EAA2711BD4}.Debug|Any CPU.ActiveCfg = Debug|Any CPU
		{23A7CEE3-5A27-4F67-AC17-97EAA2711BD4}.Debug|Any CPU.Build.0 = Debug|Any CPU
		{23A7CEE3-5A27-4F67-AC17-97EAA2711BD4}.Release|Any CPU.ActiveCfg = Release|Any CPU
		{23A7CEE3-5A27-4F67-AC17-97EAA2711BD4}.Release|Any CPU.Build.0 = Release|Any CPU
		{20CCFF56-FC54-45A8-A0C4-45220DC3422D}.Debug|Any CPU.ActiveCfg = Debug|Any CPU
		{20CCFF56-FC54-45A8-A0C4-45220DC3422D}.Debug|Any CPU.Build.0 = Debug|Any CPU
		{20CCFF56-FC54-45A8-A0C4-45220DC3422D}.Release|Any CPU.ActiveCfg = Release|Any CPU
		{20CCFF56-FC54-45A8-A0C4-45220DC3422D}.Release|Any CPU.Build.0 = Release|Any CPU
		{478A27BE-AC33-44F5-87F3-53488FD6EB8E}.Debug|Any CPU.ActiveCfg = Debug|Any CPU
		{478A27BE-AC33-44F5-87F3-53488FD6EB8E}.Debug|Any CPU.Build.0 = Debug|Any CPU
		{478A27BE-AC33-44F5-87F3-53488FD6EB8E}.Release|Any CPU.ActiveCfg = Release|Any CPU
		{478A27BE-AC33-44F5-87F3-53488FD6EB8E}.Release|Any CPU.Build.0 = Release|Any CPU
	EndGlobalSection
	GlobalSection(SolutionProperties) = preSolution
		HideSolutionNode = FALSE
	EndGlobalSection
	GlobalSection(NestedProjects) = preSolution
		{C26CEE38-D744-4D00-AF65-FD6E9BA9AF00} = {02EA681E-C7D8-13C7-8484-4AC65E1B71E8}
		{23BC7809-2E3A-4C7A-A50B-CC4320BC473E} = {C26CEE38-D744-4D00-AF65-FD6E9BA9AF00}
		{D39C3CBB-4083-427B-995F-D4C0E1DF4739} = {02EA681E-C7D8-13C7-8484-4AC65E1B71E8}
		{93CB076B-9809-458D-9892-DEA70AC73FBF} = {D39C3CBB-4083-427B-995F-D4C0E1DF4739}
		{8F3163DD-2664-46BA-BBC4-E7D9B496B194} = {02EA681E-C7D8-13C7-8484-4AC65E1B71E8}
		{78A12BB5-CA85-4238-A6E6-F22C7FBDDCCF} = {8F3163DD-2664-46BA-BBC4-E7D9B496B194}
		{59C455B9-8E23-41B9-85E8-F51F15DD40F3} = {02EA681E-C7D8-13C7-8484-4AC65E1B71E8}
		{A76BE58B-6B58-4D59-B2DE-A8B383ACE5FE} = {59C455B9-8E23-41B9-85E8-F51F15DD40F3}
		{3A0EA636-48B1-42A7-A4BB-A2433C38DDEE} = {02EA681E-C7D8-13C7-8484-4AC65E1B71E8}
		{23A7CEE3-5A27-4F67-AC17-97EAA2711BD4} = {3A0EA636-48B1-42A7-A4BB-A2433C38DDEE}
		{1D529A35-0C43-4826-8F45-B88889B8BD8D} = {02EA681E-C7D8-13C7-8484-4AC65E1B71E8}
		{20CCFF56-FC54-45A8-A0C4-45220DC3422D} = {1D529A35-0C43-4826-8F45-B88889B8BD8D}
		{A1C8F4A0-8754-48E7-B5EA-9C475610F75E} = {02EA681E-C7D8-13C7-8484-4AC65E1B71E8}
		{478A27BE-AC33-44F5-87F3-53488FD6EB8E} = {A1C8F4A0-8754-48E7-B5EA-9C475610F75E}
	EndGlobalSection
	GlobalSection(ExtensibilityGlobals) = postSolution
		SolutionGuid = {A3941D22-77EB-426A-A61C-727BBBF73EE3}
	EndGlobalSection
EndGlobal
